
Microsoft Visual Studio Solution File, Format Version 12.00
# Visual Studio 15
VisualStudioVersion = 15.0.27130.2010
MinimumVisualStudioVersion = 10.0.40219.1
Project("{FAE04EC0-301F-11D3-BF4B-00C04F79EFBC}") = "Laptiming.Bridge.SocketServer", "Laptiming.Bridge.SocketServer\Laptiming.Bridge.SocketServer.csproj", "{CEA504C8-B161-4D40-9B52-FB8124C852F5}"
EndProject
Global
	GlobalSection(SolutionConfigurationPlatforms) = preSolution
		Debug|Any CPU = Debug|Any CPU
		Release|Any CPU = Release|Any CPU
	EndGlobalSection
	GlobalSection(ProjectConfigurationPlatforms) = postSolution
		{CEA504C8-B161-4D40-9B52-FB8124C852F5}.Debug|Any CPU.ActiveCfg = Debug|Any CPU
		{CEA504C8-B161-4D40-9B52-FB8124C852F5}.Debug|Any CPU.Build.0 = Debug|Any CPU
		{CEA504C8-B161-4D40-9B52-FB8124C852F5}.Release|Any CPU.ActiveCfg = Release|Any CPU
		{CEA504C8-B161-4D40-9B52-FB8124C852F5}.Release|Any CPU.Build.0 = Release|Any CPU
	EndGlobalSection
	GlobalSection(SolutionProperties) = preSolution
		HideSolutionNode = FALSE
	EndGlobalSection
	GlobalSection(ExtensibilityGlobals) = postSolution
		SolutionGuid = {6897AE42-093B-48A4-B50E-375D33F06168}
	EndGlobalSection
EndGlobal
